
Microsoft Visual Studio Solution File, Format Version 12.00
# Visual Studio 15
VisualStudioVersion = 15.0.28307.572
MinimumVisualStudioVersion = 10.0.40219.1
Project("{FAE04EC0-301F-11D3-BF4B-00C04F79EFBC}") = "MagnetTrackerModifier", "MagnetTrackerModifier\MagnetTrackerModifier.csproj", "{46EECA94-4C79-4BA6-9086-2BFDA36BB047}"
EndProject
Global
	GlobalSection(SolutionConfigurationPlatforms) = preSolution
		Debug|Any CPU = Debug|Any CPU
		Release|Any CPU = Release|Any CPU
	EndGlobalSection
	GlobalSection(ProjectConfigurationPlatforms) = postSolution
		{46EECA94-4C79-4BA6-9086-2BFDA36BB047}.Debug|Any CPU.ActiveCfg = Debug|Any CPU
		{46EECA94-4C79-4BA6-9086-2BFDA36BB047}.Debug|Any CPU.Build.0 = Debug|Any CPU
		{46EECA94-4C79-4BA6-9086-2BFDA36BB047}.Release|Any CPU.ActiveCfg = Release|Any CPU
		{46EECA94-4C79-4BA6-9086-2BFDA36BB047}.Release|Any CPU.Build.0 = Release|Any CPU
	EndGlobalSection
	GlobalSection(SolutionProperties) = preSolution
		HideSolutionNode = FALSE
	EndGlobalSection
	GlobalSection(ExtensibilityGlobals) = postSolution
		SolutionGuid = {210DEFC9-0B3C-4A2E-BE9A-FFA09BD11691}
	EndGlobalSection
EndGlobal
